
Microsoft Visual Studio Solution File, Format Version 12.00
# Visual Studio Version 17
VisualStudioVersion = 17.6.33801.468
MinimumVisualStudioVersion = 10.0.40219.1
Project("{FAE04EC0-301F-11D3-BF4B-00C04F79EFBC}") = "Insertion Sort", "Insertion Sort\Insertion Sort.csproj", "{4B629D88-F057-4D0F-B0B3-D3777C596CD9}"
EndProject
Global
	GlobalSection(SolutionConfigurationPlatforms) = preSolution
		Debug|Any CPU = Debug|Any CPU
		Release|Any CPU = Release|Any CPU
	EndGlobalSection
	GlobalSection(ProjectConfigurationPlatforms) = postSolution
		{4B629D88-F057-4D0F-B0B3-D3777C596CD9}.Debug|Any CPU.ActiveCfg = Debug|Any CPU
		{4B629D88-F057-4D0F-B0B3-D3777C596CD9}.Debug|Any CPU.Build.0 = Debug|Any CPU
		{4B629D88-F057-4D0F-B0B3-D3777C596CD9}.Release|Any CPU.ActiveCfg = Release|Any CPU
		{4B629D88-F057-4D0F-B0B3-D3777C596CD9}.Release|Any CPU.Build.0 = Release|Any CPU
	EndGlobalSection
	GlobalSection(SolutionProperties) = preSolution
		HideSolutionNode = FALSE
	EndGlobalSection
	GlobalSection(ExtensibilityGlobals) = postSolution
		SolutionGuid = {F3D62E62-52E3-4ABC-9C26-E919F0734162}
	EndGlobalSection
EndGlobal
